
Microsoft Visual Studio Solution File, Format Version 12.00
# Visual Studio Version 16
VisualStudioVersion = 16.0.29905.134
MinimumVisualStudioVersion = 10.0.40219.1
Project("{FAE04EC0-301F-11D3-BF4B-00C04F79EFBC}") = "CursoCSharp actividad3 WindowsForms", "CursoCSharp actividad3 WindowsForms.csproj", "{F5C50ED8-A38C-4C77-81E7-5C8549DCD11A}"
EndProject
Global
	GlobalSection(SolutionConfigurationPlatforms) = preSolution
		Debug|Any CPU = Debug|Any CPU
		Release|Any CPU = Release|Any CPU
	EndGlobalSection
	GlobalSection(ProjectConfigurationPlatforms) = postSolution
		{F5C50ED8-A38C-4C77-81E7-5C8549DCD11A}.Debug|Any CPU.ActiveCfg = Debug|Any CPU
		{F5C50ED8-A38C-4C77-81E7-5C8549DCD11A}.Debug|Any CPU.Build.0 = Debug|Any CPU
		{F5C50ED8-A38C-4C77-81E7-5C8549DCD11A}.Release|Any CPU.ActiveCfg = Release|Any CPU
		{F5C50ED8-A38C-4C77-81E7-5C8549DCD11A}.Release|Any CPU.Build.0 = Release|Any CPU
	EndGlobalSection
	GlobalSection(SolutionProperties) = preSolution
		HideSolutionNode = FALSE
	EndGlobalSection
	GlobalSection(ExtensibilityGlobals) = postSolution
		SolutionGuid = {CFE6FBD9-6805-49C2-977C-8B6179E09CA8}
	EndGlobalSection
EndGlobal
